
Microsoft Visual Studio Solution File, Format Version 12.00
# Visual Studio Version 17
VisualStudioVersion = 17.10.35013.160
MinimumVisualStudioVersion = 10.0.40219.1
Project("{F184B08F-C81C-45F6-A57F-5ABD9991F28F}") = "Google form", "Google form\Google form.vbproj", "{DAA6643D-9051-4016-8F4D-4845A8CE7ADD}"
EndProject
Global
	GlobalSection(SolutionConfigurationPlatforms) = preSolution
		Debug|Any CPU = Debug|Any CPU
		Release|Any CPU = Release|Any CPU
	EndGlobalSection
	GlobalSection(ProjectConfigurationPlatforms) = postSolution
		{DAA6643D-9051-4016-8F4D-4845A8CE7ADD}.Debug|Any CPU.ActiveCfg = Debug|Any CPU
		{DAA6643D-9051-4016-8F4D-4845A8CE7ADD}.Debug|Any CPU.Build.0 = Debug|Any CPU
		{DAA6643D-9051-4016-8F4D-4845A8CE7ADD}.Release|Any CPU.ActiveCfg = Release|Any CPU
		{DAA6643D-9051-4016-8F4D-4845A8CE7ADD}.Release|Any CPU.Build.0 = Release|Any CPU
	EndGlobalSection
	GlobalSection(SolutionProperties) = preSolution
		HideSolutionNode = FALSE
	EndGlobalSection
	GlobalSection(ExtensibilityGlobals) = postSolution
		SolutionGuid = {63F10229-34A3-4B93-B9B4-AA4E41C9E2BD}
	EndGlobalSection
EndGlobal
